
Microsoft Visual Studio Solution File, Format Version 12.00
# Visual Studio Version 16
VisualStudioVersion = 16.0.30804.86
MinimumVisualStudioVersion = 10.0.40219.1
Project("{FAE04EC0-301F-11D3-BF4B-00C04F79EFBC}") = "LegoMiniFigures2", "LegoMiniFigures2\LegoMiniFigures2.csproj", "{1697900D-44BD-4C4F-9DF0-CA8D37646A0B}"
EndProject
Global
	GlobalSection(SolutionConfigurationPlatforms) = preSolution
		Debug|Any CPU = Debug|Any CPU
		Release|Any CPU = Release|Any CPU
	EndGlobalSection
	GlobalSection(ProjectConfigurationPlatforms) = postSolution
		{1697900D-44BD-4C4F-9DF0-CA8D37646A0B}.Debug|Any CPU.ActiveCfg = Debug|Any CPU
		{1697900D-44BD-4C4F-9DF0-CA8D37646A0B}.Debug|Any CPU.Build.0 = Debug|Any CPU
		{1697900D-44BD-4C4F-9DF0-CA8D37646A0B}.Release|Any CPU.ActiveCfg = Release|Any CPU
		{1697900D-44BD-4C4F-9DF0-CA8D37646A0B}.Release|Any CPU.Build.0 = Release|Any CPU
	EndGlobalSection
	GlobalSection(SolutionProperties) = preSolution
		HideSolutionNode = FALSE
	EndGlobalSection
	GlobalSection(ExtensibilityGlobals) = postSolution
		SolutionGuid = {326DA787-2636-4F72-B6E3-BC3C8B23CC00}
	EndGlobalSection
EndGlobal
